
Microsoft Visual Studio Solution File, Format Version 12.00
# Visual Studio Version 17
VisualStudioVersion = 17.8.34316.72
MinimumVisualStudioVersion = 10.0.40219.1
Project("{2150E333-8FDC-42A3-9474-1A3956D46DE8}") = "Components", "Components", "{B96D9C2A-89BF-4BDD-AFA9-BF76E2BB4AE0}"
EndProject
Project("{2150E333-8FDC-42A3-9474-1A3956D46DE8}") = "Invoice", "Invoice", "{FF3B8ADD-1CDA-4E68-A026-F972695ED750}"
EndProject
Project("{9A19103F-16F7-4668-BE54-9A1E7A4F7556}") = "QueasoFramework", "QueasoFramework\QueasoFramework\QueasoFramework.csproj", "{B2F0F4DA-4EB6-442E-9567-ABC49432F9D6}"
EndProject
Project("{9A19103F-16F7-4668-BE54-9A1E7A4F7556}") = "InvoiceDataLayer", "InvoiceDataLayer\InvoiceDataLayer.csproj", "{263363D5-DAE1-4618-A8B9-05950D3F7BB9}"
EndProject
Project("{9A19103F-16F7-4668-BE54-9A1E7A4F7556}") = "InvoiceBusinessLayer", "InvoiceBusinessLayer\InvoiceBusinessLayer.csproj", "{AC8820C5-7DD5-4216-A8F7-FD17474ECE92}"
EndProject
Project("{9A19103F-16F7-4668-BE54-9A1E7A4F7556}") = "InvoiceCommunicationLayer", "InvoiceCommunicationLayer\InvoiceCommunicationLayer.csproj", "{8DC970A6-4E6A-4F3D-88E9-BC478EFF71A3}"
EndProject
Project("{2150E333-8FDC-42A3-9474-1A3956D46DE8}") = "Customer", "Customer", "{4A159286-A32F-43D3-A463-2A777C1A2324}"
EndProject
Project("{9A19103F-16F7-4668-BE54-9A1E7A4F7556}") = "CustomerDataLayer", "CustomerDataLayer\CustomerDataLayer.csproj", "{5E14FD0C-07EF-49B1-95F7-A7808796E13E}"
EndProject
Project("{9A19103F-16F7-4668-BE54-9A1E7A4F7556}") = "CustomerCommunicationLayer", "CustomerCommunicationLayer\CustomerCommunicationLayer.csproj", "{174FD4BF-F258-4AA8-B92C-1AF403BCE032}"
EndProject
Project("{9A19103F-16F7-4668-BE54-9A1E7A4F7556}") = "CustomerBusinessLayer", "CustomerBusinessLayer\CustomerBusinessLayer.csproj", "{82FFC0E2-345A-4165-990D-4BED03FACE97}"
EndProject
Project("{9A19103F-16F7-4668-BE54-9A1E7A4F7556}") = "Orchestration", "OrchestrationLayer\Orchestration.csproj", "{1A3BCA91-B51C-4C3B-9D42-C107ED244688}"
EndProject
Project("{9A19103F-16F7-4668-BE54-9A1E7A4F7556}") = "Training UI", "Training UI\Training UI.csproj", "{F071E082-4923-4456-89F1-A977C2EFEA97}"
EndProject
Global
	GlobalSection(SolutionConfigurationPlatforms) = preSolution
		Debug|Any CPU = Debug|Any CPU
		Release|Any CPU = Release|Any CPU
	EndGlobalSection
	GlobalSection(ProjectConfigurationPlatforms) = postSolution
		{B2F0F4DA-4EB6-442E-9567-ABC49432F9D6}.Debug|Any CPU.ActiveCfg = Debug|Any CPU
		{B2F0F4DA-4EB6-442E-9567-ABC49432F9D6}.Debug|Any CPU.Build.0 = Debug|Any CPU
		{B2F0F4DA-4EB6-442E-9567-ABC49432F9D6}.Release|Any CPU.ActiveCfg = Release|Any CPU
		{B2F0F4DA-4EB6-442E-9567-ABC49432F9D6}.Release|Any CPU.Build.0 = Release|Any CPU
		{263363D5-DAE1-4618-A8B9-05950D3F7BB9}.Debug|Any CPU.ActiveCfg = Debug|Any CPU
		{263363D5-DAE1-4618-A8B9-05950D3F7BB9}.Debug|Any CPU.Build.0 = Debug|Any CPU
		{263363D5-DAE1-4618-A8B9-05950D3F7BB9}.Release|Any CPU.ActiveCfg = Release|Any CPU
		{263363D5-DAE1-4618-A8B9-05950D3F7BB9}.Release|Any CPU.Build.0 = Release|Any CPU
		{AC8820C5-7DD5-4216-A8F7-FD17474ECE92}.Debug|Any CPU.ActiveCfg = Debug|Any CPU
		{AC8820C5-7DD5-4216-A8F7-FD17474ECE92}.Debug|Any CPU.Build.0 = Debug|Any CPU
		{AC8820C5-7DD5-4216-A8F7-FD17474ECE92}.Release|Any CPU.ActiveCfg = Release|Any CPU
		{AC8820C5-7DD5-4216-A8F7-FD17474ECE92}.Release|Any CPU.Build.0 = Release|Any CPU
		{8DC970A6-4E6A-4F3D-88E9-BC478EFF71A3}.Debug|Any CPU.ActiveCfg = Debug|Any CPU
		{8DC970A6-4E6A-4F3D-88E9-BC478EFF71A3}.Debug|Any CPU.Build.0 = Debug|Any CPU
		{8DC970A6-4E6A-4F3D-88E9-BC478EFF71A3}.Release|Any CPU.ActiveCfg = Release|Any CPU
		{8DC970A6-4E6A-4F3D-88E9-BC478EFF71A3}.Release|Any CPU.Build.0 = Release|Any CPU
		{5E14FD0C-07EF-49B1-95F7-A7808796E13E}.Debug|Any CPU.ActiveCfg = Debug|Any CPU
		{5E14FD0C-07EF-49B1-95F7-A7808796E13E}.Debug|Any CPU.Build.0 = Debug|Any CPU
		{5E14FD0C-07EF-49B1-95F7-A7808796E13E}.Release|Any CPU.ActiveCfg = Release|Any CPU
		{5E14FD0C-07EF-49B1-95F7-A7808796E13E}.Release|Any CPU.Build.0 = Release|Any CPU
		{174FD4BF-F258-4AA8-B92C-1AF403BCE032}.Debug|Any CPU.ActiveCfg = Debug|Any CPU
		{174FD4BF-F258-4AA8-B92C-1AF403BCE032}.Debug|Any CPU.Build.0 = Debug|Any CPU
		{174FD4BF-F258-4AA8-B92C-1AF403BCE032}.Release|Any CPU.ActiveCfg = Release|Any CPU
		{174FD4BF-F258-4AA8-B92C-1AF403BCE032}.Release|Any CPU.Build.0 = Release|Any CPU
		{82FFC0E2-345A-4165-990D-4BED03FACE97}.Debug|Any CPU.ActiveCfg = Debug|Any CPU
		{82FFC0E2-345A-4165-990D-4BED03FACE97}.Debug|Any CPU.Build.0 = Debug|Any CPU
		{82FFC0E2-345A-4165-990D-4BED03FACE97}.Release|Any CPU.ActiveCfg = Release|Any CPU
		{82FFC0E2-345A-4165-990D-4BED03FACE97}.Release|Any CPU.Build.0 = Release|Any CPU
		{1A3BCA91-B51C-4C3B-9D42-C107ED244688}.Debug|Any CPU.ActiveCfg = Debug|Any CPU
		{1A3BCA91-B51C-4C3B-9D42-C107ED244688}.Debug|Any CPU.Build.0 = Debug|Any CPU
		{1A3BCA91-B51C-4C3B-9D42-C107ED244688}.Release|Any CPU.ActiveCfg = Release|Any CPU
		{1A3BCA91-B51C-4C3B-9D42-C107ED244688}.Release|Any CPU.Build.0 = Release|Any CPU
		{F071E082-4923-4456-89F1-A977C2EFEA97}.Debug|Any CPU.ActiveCfg = Debug|Any CPU
		{F071E082-4923-4456-89F1-A977C2EFEA97}.Debug|Any CPU.Build.0 = Debug|Any CPU
		{F071E082-4923-4456-89F1-A977C2EFEA97}.Release|Any CPU.ActiveCfg = Release|Any CPU
		{F071E082-4923-4456-89F1-A977C2EFEA97}.Release|Any CPU.Build.0 = Release|Any CPU
	EndGlobalSection
	GlobalSection(SolutionProperties) = preSolution
		HideSolutionNode = FALSE
	EndGlobalSection
	GlobalSection(NestedProjects) = preSolution
		{FF3B8ADD-1CDA-4E68-A026-F972695ED750} = {B96D9C2A-89BF-4BDD-AFA9-BF76E2BB4AE0}
		{263363D5-DAE1-4618-A8B9-05950D3F7BB9} = {FF3B8ADD-1CDA-4E68-A026-F972695ED750}
		{AC8820C5-7DD5-4216-A8F7-FD17474ECE92} = {FF3B8ADD-1CDA-4E68-A026-F972695ED750}
		{8DC970A6-4E6A-4F3D-88E9-BC478EFF71A3} = {FF3B8ADD-1CDA-4E68-A026-F972695ED750}
		{4A159286-A32F-43D3-A463-2A777C1A2324} = {B96D9C2A-89BF-4BDD-AFA9-BF76E2BB4AE0}
		{5E14FD0C-07EF-49B1-95F7-A7808796E13E} = {4A159286-A32F-43D3-A463-2A777C1A2324}
		{174FD4BF-F258-4AA8-B92C-1AF403BCE032} = {4A159286-A32F-43D3-A463-2A777C1A2324}
		{82FFC0E2-345A-4165-990D-4BED03FACE97} = {4A159286-A32F-43D3-A463-2A777C1A2324}
	EndGlobalSection
	GlobalSection(ExtensibilityGlobals) = postSolution
		SolutionGuid = {00455E54-AED2-407B-92CB-38DCD08E95E6}
	EndGlobalSection
EndGlobal
