
Microsoft Visual Studio Solution File, Format Version 12.00
# Visual Studio Version 17
VisualStudioVersion = 17.8.34316.72
MinimumVisualStudioVersion = 10.0.40219.1
Project("{2150E333-8FDC-42A3-9474-1A3956D46DE8}") = "Components", "Components", "{B96D9C2A-89BF-4BDD-AFA9-BF76E2BB4AE0}"
EndProject
Project("{9A19103F-16F7-4668-BE54-9A1E7A4F7556}") = "QueasoFramework", "QueasoFramework\QueasoFramework\QueasoFramework.csproj", "{B2F0F4DA-4EB6-442E-9567-ABC49432F9D6}"
EndProject
Project("{2150E333-8FDC-42A3-9474-1A3956D46DE8}") = "Customer", "Customer", "{4A159286-A32F-43D3-A463-2A777C1A2324}"
EndProject
Project("{9A19103F-16F7-4668-BE54-9A1E7A4F7556}") = "CustomerDataLayer", "CustomerDataLayer\CustomerDataLayer.csproj", "{5E14FD0C-07EF-49B1-95F7-A7808796E13E}"
EndProject
Project("{9A19103F-16F7-4668-BE54-9A1E7A4F7556}") = "CustomerCommunicationLayer", "CustomerCommunicationLayer\CustomerCommunicationLayer.csproj", "{174FD4BF-F258-4AA8-B92C-1AF403BCE032}"
EndProject
Project("{9A19103F-16F7-4668-BE54-9A1E7A4F7556}") = "CustomerBusinessLayer", "CustomerBusinessLayer\CustomerBusinessLayer.csproj", "{82FFC0E2-345A-4165-990D-4BED03FACE97}"
EndProject
Project("{9A19103F-16F7-4668-BE54-9A1E7A4F7556}") = "Orchestration", "OrchestrationLayer\Orchestration.csproj", "{1A3BCA91-B51C-4C3B-9D42-C107ED244688}"
EndProject
Project("{2150E333-8FDC-42A3-9474-1A3956D46DE8}") = "NewInvoice", "NewInvoice", "{16C9D9BC-CE24-4D9A-AC82-E1BFA5492F73}"
EndProject
Project("{9A19103F-16F7-4668-BE54-9A1E7A4F7556}") = "NewInvoiceDataLayer", "NewInvoiceDatalayer\NewInvoiceDataLayer.csproj", "{65D7AD90-6001-454E-A417-1100C5622890}"
EndProject
Project("{9A19103F-16F7-4668-BE54-9A1E7A4F7556}") = "NewInvoiceCommunicationLayer", "NewInvoiceCommunicationLayer\NewInvoiceCommunicationLayer.csproj", "{40A898A0-F9A6-491D-85F5-88F42B5D4B0B}"
EndProject
Project("{9A19103F-16F7-4668-BE54-9A1E7A4F7556}") = "NewInvoiceBusinessLayer", "NewInvoiceServiceLayer\NewInvoiceBusinessLayer.csproj", "{A41CBA73-8837-48CD-B1FB-6F3EB573F218}"
EndProject
Project("{9A19103F-16F7-4668-BE54-9A1E7A4F7556}") = "BlazorUI", "BlazorUI\BlazorUI.csproj", "{6C6C3338-EE38-4405-B4C2-31D9EB9526C6}"
EndProject
Project("{2150E333-8FDC-42A3-9474-1A3956D46DE8}") = "WPF", "WPF", "{99242727-6DBE-4136-B2C8-5F21101A1B6C}"
EndProject
Project("{9A19103F-16F7-4668-BE54-9A1E7A4F7556}") = "WPF UI", "WPF UI\WPF UI.csproj", "{AC1906EB-D5FB-487A-99D8-8CC921286D3A}"
EndProject
Project("{9A19103F-16F7-4668-BE54-9A1E7A4F7556}") = "ModuleInvoice", "ModuleInvoice\ModuleInvoice.csproj", "{E790D7C5-5AC4-44CB-950D-CF79C3AEEC30}"
EndProject
Project("{9A19103F-16F7-4668-BE54-9A1E7A4F7556}") = "ModuleCustomer", "ModuleCustomer\ModuleCustomer.csproj", "{4F12D165-FD24-463C-A6A7-7C499706716A}"
EndProject
Project("{2150E333-8FDC-42A3-9474-1A3956D46DE8}") = "Winforms", "Winforms", "{CB007DE2-4234-4615-9ABD-6ADB13DE601D}"
EndProject
Project("{9A19103F-16F7-4668-BE54-9A1E7A4F7556}") = "WinFormsApplication", "WinformsApplication\WinFormsApplication.csproj", "{E1B28D6F-84BE-4D53-A549-D3578463BD3C}"
EndProject
Project("{2150E333-8FDC-42A3-9474-1A3956D46DE8}") = "Solution Items", "Solution Items", "{8F1BD79B-C157-4AC5-86C7-0CFDE40B4F88}"
	ProjectSection(SolutionItems) = preProject
		.editorconfig = .editorconfig
	EndProjectSection
EndProject
Global
	GlobalSection(SolutionConfigurationPlatforms) = preSolution
		Debug|Any CPU = Debug|Any CPU
		Release|Any CPU = Release|Any CPU
	EndGlobalSection
	GlobalSection(ProjectConfigurationPlatforms) = postSolution
		{B2F0F4DA-4EB6-442E-9567-ABC49432F9D6}.Debug|Any CPU.ActiveCfg = Debug|Any CPU
		{B2F0F4DA-4EB6-442E-9567-ABC49432F9D6}.Debug|Any CPU.Build.0 = Debug|Any CPU
		{B2F0F4DA-4EB6-442E-9567-ABC49432F9D6}.Release|Any CPU.ActiveCfg = Release|Any CPU
		{B2F0F4DA-4EB6-442E-9567-ABC49432F9D6}.Release|Any CPU.Build.0 = Release|Any CPU
		{5E14FD0C-07EF-49B1-95F7-A7808796E13E}.Debug|Any CPU.ActiveCfg = Debug|Any CPU
		{5E14FD0C-07EF-49B1-95F7-A7808796E13E}.Debug|Any CPU.Build.0 = Debug|Any CPU
		{5E14FD0C-07EF-49B1-95F7-A7808796E13E}.Release|Any CPU.ActiveCfg = Release|Any CPU
		{5E14FD0C-07EF-49B1-95F7-A7808796E13E}.Release|Any CPU.Build.0 = Release|Any CPU
		{174FD4BF-F258-4AA8-B92C-1AF403BCE032}.Debug|Any CPU.ActiveCfg = Debug|Any CPU
		{174FD4BF-F258-4AA8-B92C-1AF403BCE032}.Debug|Any CPU.Build.0 = Debug|Any CPU
		{174FD4BF-F258-4AA8-B92C-1AF403BCE032}.Release|Any CPU.ActiveCfg = Release|Any CPU
		{174FD4BF-F258-4AA8-B92C-1AF403BCE032}.Release|Any CPU.Build.0 = Release|Any CPU
		{82FFC0E2-345A-4165-990D-4BED03FACE97}.Debug|Any CPU.ActiveCfg = Debug|Any CPU
		{82FFC0E2-345A-4165-990D-4BED03FACE97}.Debug|Any CPU.Build.0 = Debug|Any CPU
		{82FFC0E2-345A-4165-990D-4BED03FACE97}.Release|Any CPU.ActiveCfg = Release|Any CPU
		{82FFC0E2-345A-4165-990D-4BED03FACE97}.Release|Any CPU.Build.0 = Release|Any CPU
		{1A3BCA91-B51C-4C3B-9D42-C107ED244688}.Debug|Any CPU.ActiveCfg = Debug|Any CPU
		{1A3BCA91-B51C-4C3B-9D42-C107ED244688}.Debug|Any CPU.Build.0 = Debug|Any CPU
		{1A3BCA91-B51C-4C3B-9D42-C107ED244688}.Release|Any CPU.ActiveCfg = Release|Any CPU
		{1A3BCA91-B51C-4C3B-9D42-C107ED244688}.Release|Any CPU.Build.0 = Release|Any CPU
		{65D7AD90-6001-454E-A417-1100C5622890}.Debug|Any CPU.ActiveCfg = Debug|Any CPU
		{65D7AD90-6001-454E-A417-1100C5622890}.Debug|Any CPU.Build.0 = Debug|Any CPU
		{65D7AD90-6001-454E-A417-1100C5622890}.Release|Any CPU.ActiveCfg = Release|Any CPU
		{65D7AD90-6001-454E-A417-1100C5622890}.Release|Any CPU.Build.0 = Release|Any CPU
		{40A898A0-F9A6-491D-85F5-88F42B5D4B0B}.Debug|Any CPU.ActiveCfg = Debug|Any CPU
		{40A898A0-F9A6-491D-85F5-88F42B5D4B0B}.Debug|Any CPU.Build.0 = Debug|Any CPU
		{40A898A0-F9A6-491D-85F5-88F42B5D4B0B}.Release|Any CPU.ActiveCfg = Release|Any CPU
		{40A898A0-F9A6-491D-85F5-88F42B5D4B0B}.Release|Any CPU.Build.0 = Release|Any CPU
		{A41CBA73-8837-48CD-B1FB-6F3EB573F218}.Debug|Any CPU.ActiveCfg = Debug|Any CPU
		{A41CBA73-8837-48CD-B1FB-6F3EB573F218}.Debug|Any CPU.Build.0 = Debug|Any CPU
		{A41CBA73-8837-48CD-B1FB-6F3EB573F218}.Release|Any CPU.ActiveCfg = Release|Any CPU
		{A41CBA73-8837-48CD-B1FB-6F3EB573F218}.Release|Any CPU.Build.0 = Release|Any CPU
		{6C6C3338-EE38-4405-B4C2-31D9EB9526C6}.Debug|Any CPU.ActiveCfg = Debug|Any CPU
		{6C6C3338-EE38-4405-B4C2-31D9EB9526C6}.Debug|Any CPU.Build.0 = Debug|Any CPU
		{6C6C3338-EE38-4405-B4C2-31D9EB9526C6}.Release|Any CPU.ActiveCfg = Release|Any CPU
		{6C6C3338-EE38-4405-B4C2-31D9EB9526C6}.Release|Any CPU.Build.0 = Release|Any CPU
		{AC1906EB-D5FB-487A-99D8-8CC921286D3A}.Debug|Any CPU.ActiveCfg = Debug|Any CPU
		{AC1906EB-D5FB-487A-99D8-8CC921286D3A}.Debug|Any CPU.Build.0 = Debug|Any CPU
		{AC1906EB-D5FB-487A-99D8-8CC921286D3A}.Release|Any CPU.ActiveCfg = Release|Any CPU
		{AC1906EB-D5FB-487A-99D8-8CC921286D3A}.Release|Any CPU.Build.0 = Release|Any CPU
		{E790D7C5-5AC4-44CB-950D-CF79C3AEEC30}.Debug|Any CPU.ActiveCfg = Debug|Any CPU
		{E790D7C5-5AC4-44CB-950D-CF79C3AEEC30}.Debug|Any CPU.Build.0 = Debug|Any CPU
		{E790D7C5-5AC4-44CB-950D-CF79C3AEEC30}.Release|Any CPU.ActiveCfg = Release|Any CPU
		{E790D7C5-5AC4-44CB-950D-CF79C3AEEC30}.Release|Any CPU.Build.0 = Release|Any CPU
		{4F12D165-FD24-463C-A6A7-7C499706716A}.Debug|Any CPU.ActiveCfg = Debug|Any CPU
		{4F12D165-FD24-463C-A6A7-7C499706716A}.Debug|Any CPU.Build.0 = Debug|Any CPU
		{4F12D165-FD24-463C-A6A7-7C499706716A}.Release|Any CPU.ActiveCfg = Release|Any CPU
		{4F12D165-FD24-463C-A6A7-7C499706716A}.Release|Any CPU.Build.0 = Release|Any CPU
		{E1B28D6F-84BE-4D53-A549-D3578463BD3C}.Debug|Any CPU.ActiveCfg = Debug|Any CPU
		{E1B28D6F-84BE-4D53-A549-D3578463BD3C}.Debug|Any CPU.Build.0 = Debug|Any CPU
		{E1B28D6F-84BE-4D53-A549-D3578463BD3C}.Release|Any CPU.ActiveCfg = Release|Any CPU
		{E1B28D6F-84BE-4D53-A549-D3578463BD3C}.Release|Any CPU.Build.0 = Release|Any CPU
	EndGlobalSection
	GlobalSection(SolutionProperties) = preSolution
		HideSolutionNode = FALSE
	EndGlobalSection
	GlobalSection(NestedProjects) = preSolution
		{4A159286-A32F-43D3-A463-2A777C1A2324} = {B96D9C2A-89BF-4BDD-AFA9-BF76E2BB4AE0}
		{5E14FD0C-07EF-49B1-95F7-A7808796E13E} = {4A159286-A32F-43D3-A463-2A777C1A2324}
		{174FD4BF-F258-4AA8-B92C-1AF403BCE032} = {4A159286-A32F-43D3-A463-2A777C1A2324}
		{82FFC0E2-345A-4165-990D-4BED03FACE97} = {4A159286-A32F-43D3-A463-2A777C1A2324}
		{16C9D9BC-CE24-4D9A-AC82-E1BFA5492F73} = {B96D9C2A-89BF-4BDD-AFA9-BF76E2BB4AE0}
		{65D7AD90-6001-454E-A417-1100C5622890} = {16C9D9BC-CE24-4D9A-AC82-E1BFA5492F73}
		{40A898A0-F9A6-491D-85F5-88F42B5D4B0B} = {16C9D9BC-CE24-4D9A-AC82-E1BFA5492F73}
		{A41CBA73-8837-48CD-B1FB-6F3EB573F218} = {16C9D9BC-CE24-4D9A-AC82-E1BFA5492F73}
		{AC1906EB-D5FB-487A-99D8-8CC921286D3A} = {99242727-6DBE-4136-B2C8-5F21101A1B6C}
		{E790D7C5-5AC4-44CB-950D-CF79C3AEEC30} = {99242727-6DBE-4136-B2C8-5F21101A1B6C}
		{4F12D165-FD24-463C-A6A7-7C499706716A} = {99242727-6DBE-4136-B2C8-5F21101A1B6C}
		{E1B28D6F-84BE-4D53-A549-D3578463BD3C} = {CB007DE2-4234-4615-9ABD-6ADB13DE601D}
	EndGlobalSection
	GlobalSection(ExtensibilityGlobals) = postSolution
		SolutionGuid = {00455E54-AED2-407B-92CB-38DCD08E95E6}
	EndGlobalSection
EndGlobal
